
Microsoft Visual Studio Solution File, Format Version 12.00
# Visual Studio 14
VisualStudioVersion = 14.0.23107.0
MinimumVisualStudioVersion = 10.0.40219.1
Project("{2150E333-8FDC-42A3-9474-1A3956D46DE8}") = "src", "src", "{34A0AB3F-F632-439F-9437-B538D5CB8362}"
EndProject
Project("{2150E333-8FDC-42A3-9474-1A3956D46DE8}") = "Solution Items", "Solution Items", "{4AAF40AC-15BC-4B7F-95B7-B27DA6C968B1}"
	ProjectSection(SolutionItems) = preProject
		global.json = global.json
		NuGet.Config = NuGet.Config
	EndProjectSection
EndProject
Project("{8BB2217D-0F2D-49D1-97BC-3654ED321F3B}") = "WebApplication4", "src\WebApplication4\WebApplication4.xproj", "{ECD83226-41B7-4C9A-B1AD-329A8A891C98}"
EndProject
Global
	GlobalSection(SolutionConfigurationPlatforms) = preSolution
		Debug|Any CPU = Debug|Any CPU
		Release|Any CPU = Release|Any CPU
	EndGlobalSection
	GlobalSection(ProjectConfigurationPlatforms) = postSolution
		{ECD83226-41B7-4C9A-B1AD-329A8A891C98}.Debug|Any CPU.ActiveCfg = Debug|Any CPU
		{ECD83226-41B7-4C9A-B1AD-329A8A891C98}.Debug|Any CPU.Build.0 = Debug|Any CPU
		{ECD83226-41B7-4C9A-B1AD-329A8A891C98}.Release|Any CPU.ActiveCfg = Release|Any CPU
		{ECD83226-41B7-4C9A-B1AD-329A8A891C98}.Release|Any CPU.Build.0 = Release|Any CPU
	EndGlobalSection
	GlobalSection(SolutionProperties) = preSolution
		HideSolutionNode = FALSE
	EndGlobalSection
	GlobalSection(NestedProjects) = preSolution
		{ECD83226-41B7-4C9A-B1AD-329A8A891C98} = {34A0AB3F-F632-439F-9437-B538D5CB8362}
	EndGlobalSection
EndGlobal
